
Microsoft Visual Studio Solution File, Format Version 12.00
# Visual Studio Version 17
VisualStudioVersion = 17.0.32112.339
MinimumVisualStudioVersion = 10.0.40219.1
Project("{FAE04EC0-301F-11D3-BF4B-00C04F79EFBC}") = "TripTanker", "TripTanker.csproj", "{7602E8F9-8B6D-4C26-989D-EF55FBA78E0A}"
EndProject
Global
	GlobalSection(SolutionConfigurationPlatforms) = preSolution
		Debug|Any CPU = Debug|Any CPU
		Release|Any CPU = Release|Any CPU
	EndGlobalSection
	GlobalSection(ProjectConfigurationPlatforms) = postSolution
		{7602E8F9-8B6D-4C26-989D-EF55FBA78E0A}.Debug|Any CPU.ActiveCfg = Debug|Any CPU
		{7602E8F9-8B6D-4C26-989D-EF55FBA78E0A}.Debug|Any CPU.Build.0 = Debug|Any CPU
		{7602E8F9-8B6D-4C26-989D-EF55FBA78E0A}.Release|Any CPU.ActiveCfg = Release|Any CPU
		{7602E8F9-8B6D-4C26-989D-EF55FBA78E0A}.Release|Any CPU.Build.0 = Release|Any CPU
	EndGlobalSection
	GlobalSection(SolutionProperties) = preSolution
		HideSolutionNode = FALSE
	EndGlobalSection
	GlobalSection(ExtensibilityGlobals) = postSolution
		SolutionGuid = {A4DF3B6A-DEB1-49C9-B9AE-DC01FCB90916}
	EndGlobalSection
EndGlobal
